
Microsoft Visual Studio Solution File, Format Version 12.00
# Visual Studio Version 17
VisualStudioVersion = 17.0.31717.71
MinimumVisualStudioVersion = 10.0.40219.1
Project("{8BC9CEB8-8B4A-11D0-8D11-00A0C91BC942}") = "Aufgabe2_1", "Aufgabe2_1\Aufgabe2_1.vcxproj", "{9761401A-D10F-4BB9-8160-E4B0C8F3F30F}"
EndProject
Project("{2150E333-8FDC-42A3-9474-1A3956D46DE8}") = "Textaufgaben", "Textaufgaben", "{B5A8D100-A977-4720-AC8B-5CA29939544E}"
	ProjectSection(SolutionItems) = preProject
		Textaufgaben\Aufgabe2_2.txt = Textaufgaben\Aufgabe2_2.txt
		Textaufgaben\Aufgabe2_3.txt = Textaufgaben\Aufgabe2_3.txt
		Textaufgaben\Aufgabe2_4_5.txt = Textaufgaben\Aufgabe2_4_5.txt
	EndProjectSection
EndProject
Global
	GlobalSection(SolutionConfigurationPlatforms) = preSolution
		Debug|Any CPU = Debug|Any CPU
		Debug|x64 = Debug|x64
		Debug|x86 = Debug|x86
		Release|Any CPU = Release|Any CPU
		Release|x64 = Release|x64
		Release|x86 = Release|x86
	EndGlobalSection
	GlobalSection(ProjectConfigurationPlatforms) = postSolution
		{9761401A-D10F-4BB9-8160-E4B0C8F3F30F}.Debug|Any CPU.ActiveCfg = Debug|Win32
		{9761401A-D10F-4BB9-8160-E4B0C8F3F30F}.Debug|Any CPU.Build.0 = Debug|Win32
		{9761401A-D10F-4BB9-8160-E4B0C8F3F30F}.Debug|x64.ActiveCfg = Debug|x64
		{9761401A-D10F-4BB9-8160-E4B0C8F3F30F}.Debug|x64.Build.0 = Debug|x64
		{9761401A-D10F-4BB9-8160-E4B0C8F3F30F}.Debug|x86.ActiveCfg = Debug|Win32
		{9761401A-D10F-4BB9-8160-E4B0C8F3F30F}.Debug|x86.Build.0 = Debug|Win32
		{9761401A-D10F-4BB9-8160-E4B0C8F3F30F}.Release|Any CPU.ActiveCfg = Release|Win32
		{9761401A-D10F-4BB9-8160-E4B0C8F3F30F}.Release|x64.ActiveCfg = Release|x64
		{9761401A-D10F-4BB9-8160-E4B0C8F3F30F}.Release|x64.Build.0 = Release|x64
		{9761401A-D10F-4BB9-8160-E4B0C8F3F30F}.Release|x86.ActiveCfg = Release|Win32
		{9761401A-D10F-4BB9-8160-E4B0C8F3F30F}.Release|x86.Build.0 = Release|Win32
	EndGlobalSection
	GlobalSection(SolutionProperties) = preSolution
		HideSolutionNode = FALSE
	EndGlobalSection
	GlobalSection(ExtensibilityGlobals) = postSolution
		SolutionGuid = {1AF3FE73-CD5E-4655-A4F9-96645C73D46A}
	EndGlobalSection
EndGlobal
